
Microsoft Visual Studio Solution File, Format Version 12.00
# Visual Studio Version 16
VisualStudioVersion = 16.0.32802.399
MinimumVisualStudioVersion = 10.0.40219.1
Project("{FAE04EC0-301F-11D3-BF4B-00C04F79EFBC}") = "flappyBird", "flappyBird\flappyBird.csproj", "{3CE4854C-ED09-4C2A-A2BC-A71BDCC77BFC}"
EndProject
Global
	GlobalSection(SolutionConfigurationPlatforms) = preSolution
		Debug|Any CPU = Debug|Any CPU
		Release|Any CPU = Release|Any CPU
	EndGlobalSection
	GlobalSection(ProjectConfigurationPlatforms) = postSolution
		{3CE4854C-ED09-4C2A-A2BC-A71BDCC77BFC}.Debug|Any CPU.ActiveCfg = Debug|Any CPU
		{3CE4854C-ED09-4C2A-A2BC-A71BDCC77BFC}.Debug|Any CPU.Build.0 = Debug|Any CPU
		{3CE4854C-ED09-4C2A-A2BC-A71BDCC77BFC}.Release|Any CPU.ActiveCfg = Release|Any CPU
		{3CE4854C-ED09-4C2A-A2BC-A71BDCC77BFC}.Release|Any CPU.Build.0 = Release|Any CPU
	EndGlobalSection
	GlobalSection(SolutionProperties) = preSolution
		HideSolutionNode = FALSE
	EndGlobalSection
	GlobalSection(ExtensibilityGlobals) = postSolution
		SolutionGuid = {97CF3072-F989-4F7F-BE83-DD597D239B52}
	EndGlobalSection
EndGlobal
